/omics/odcf/analysis/hipo/hipo_021/outlier_analysis/drop_runs/drop_master_202502_allGenes/processed_results/aberrant_splicing/results/v19/fraser/Biliary_Tract/results_all.tsv.gz
/omics/odcf/analysis/hipo/hipo_021/outlier_analysis/drop_runs/drop_master_202502_allGenes/processed_results/aberrant_splicing/results/v19/fraser/CNS_Brain/results_all.tsv.gz
/omics/odcf/analysis/hipo/hipo_021/outlier_analysis/drop_runs/drop_master_202502_allGenes/processed_results/aberrant_splicing/results/v19/fraser/Soft_Tissue/results_all.tsv.gz
/omics/odcf/analysis/hipo/hipo_021/outlier_analysis/drop_runs/drop_master_202502_allGenes/processed_results/aberrant_splicing/results/v19/fraser/Bone/results_all.tsv.gz
/omics/odcf/analysis/hipo/hipo_021/outlier_analysis/drop_runs/drop_master_202502_allGenes/processed_results/aberrant_splicing/results/v19/fraser/Pancreas/results_all.tsv.gz
/omics/odcf/analysis/hipo/hipo_021/outlier_analysis/drop_runs/drop_master_202502_allGenes/processed_results/aberrant_splicing/results/v19/fraser/Lung/results_all.tsv.gz
/omics/odcf/analysis/hipo/hipo_021/outlier_analysis/drop_runs/drop_master_202502_allGenes/processed_results/aberrant_splicing/results/v19/fraser/Esophagus_Stomach/results_all.tsv.gz
/omics/odcf/analysis/hipo/hipo_021/outlier_analysis/drop_runs/drop_master_202502_allGenes/processed_results/aberrant_splicing/results/v19/fraser/Head_and_Neck/results_all.tsv.gz
/omics/odcf/analysis/hipo/hipo_021/outlier_analysis/drop_runs/drop_master_202502_allGenes/processed_results/aberrant_splicing/results/v19/fraser/Bowel/results_all.tsv.gz
/omics/odcf/analysis/hipo/hipo_021/outlier_analysis/drop_runs/drop_master_202502_allGenes/processed_results/aberrant_splicing/results/v19/fraser/ACC/results_all.tsv.gz
/omics/odcf/analysis/hipo/hipo_021/outlier_analysis/drop_runs/drop_master_202502_allGenes/processed_results/aberrant_splicing/results/v19/fraser/Other/results_all.tsv.gz
/omics/odcf/analysis/hipo/hipo_021/outlier_analysis/drop_runs/drop_master_202502_allGenes/processed_results/aberrant_splicing/results/v19/fraser/COAD/results_all.tsv.gz
/omics/odcf/analysis/hipo/hipo_021/outlier_analysis/drop_runs/drop_master_202502_allGenes/processed_results/aberrant_splicing/results/v19/fraser/Breast/results_all.tsv.gz
/omics/odcf/analysis/hipo/hipo_021/outlier_analysis/drop_runs/drop_master_202502_allGenes/processed_results/aberrant_splicing/results/v19/fraser/LMS/results_all.tsv.gz
/omics/odcf/analysis/hipo/hipo_021/outlier_analysis/drop_runs/drop_master_202502_allGenes/processed_results/aberrant_splicing/results/v19/fraser/SYNS/results_all.tsv.gz
/omics/odcf/analysis/hipo/hipo_021/outlier_analysis/drop_runs/drop_master_202502_allGenes/processed_results/aberrant_splicing/results/v19/fraser/Skin/results_all.tsv.gz
/omics/odcf/analysis/hipo/hipo_021/outlier_analysis/drop_runs/drop_master_202502_allGenes/processed_results/aberrant_splicing/results/v19/fraser/Biliary_Tract/results_per_junction.tsv
/omics/odcf/analysis/hipo/hipo_021/outlier_analysis/drop_runs/drop_master_202502_allGenes/processed_results/aberrant_splicing/results/v19/fraser/CNS_Brain/results_per_junction.tsv
/omics/odcf/analysis/hipo/hipo_021/outlier_analysis/drop_runs/drop_master_202502_allGenes/processed_results/aberrant_splicing/results/v19/fraser/Soft_Tissue/results_per_junction.tsv
/omics/odcf/analysis/hipo/hipo_021/outlier_analysis/drop_runs/drop_master_202502_allGenes/processed_results/aberrant_splicing/results/v19/fraser/Bone/results_per_junction.tsv
/omics/odcf/analysis/hipo/hipo_021/outlier_analysis/drop_runs/drop_master_202502_allGenes/processed_results/aberrant_splicing/results/v19/fraser/Pancreas/results_per_junction.tsv
/omics/odcf/analysis/hipo/hipo_021/outlier_analysis/drop_runs/drop_master_202502_allGenes/processed_results/aberrant_splicing/results/v19/fraser/Lung/results_per_junction.tsv
/omics/odcf/analysis/hipo/hipo_021/outlier_analysis/drop_runs/drop_master_202502_allGenes/processed_results/aberrant_splicing/results/v19/fraser/Esophagus_Stomach/results_per_junction.tsv
/omics/odcf/analysis/hipo/hipo_021/outlier_analysis/drop_runs/drop_master_202502_allGenes/processed_results/aberrant_splicing/results/v19/fraser/Head_and_Neck/results_per_junction.tsv
/omics/odcf/analysis/hipo/hipo_021/outlier_analysis/drop_runs/drop_master_202502_allGenes/processed_results/aberrant_splicing/results/v19/fraser/Bowel/results_per_junction.tsv
/omics/odcf/analysis/hipo/hipo_021/outlier_analysis/drop_runs/drop_master_202502_allGenes/processed_results/aberrant_splicing/results/v19/fraser/ACC/results_per_junction.tsv
/omics/odcf/analysis/hipo/hipo_021/outlier_analysis/drop_runs/drop_master_202502_allGenes/processed_results/aberrant_splicing/results/v19/fraser/Other/results_per_junction.tsv
/omics/odcf/analysis/hipo/hipo_021/outlier_analysis/drop_runs/drop_master_202502_allGenes/processed_results/aberrant_splicing/results/v19/fraser/COAD/results_per_junction.tsv
/omics/odcf/analysis/hipo/hipo_021/outlier_analysis/drop_runs/drop_master_202502_allGenes/processed_results/aberrant_splicing/results/v19/fraser/Breast/results_per_junction.tsv
/omics/odcf/analysis/hipo/hipo_021/outlier_analysis/drop_runs/drop_master_202502_allGenes/processed_results/aberrant_splicing/results/v19/fraser/LMS/results_per_junction.tsv
/omics/odcf/analysis/hipo/hipo_021/outlier_analysis/drop_runs/drop_master_202502_allGenes/processed_results/aberrant_splicing/results/v19/fraser/SYNS/results_per_junction.tsv
/omics/odcf/analysis/hipo/hipo_021/outlier_analysis/drop_runs/drop_master_202502_allGenes/processed_results/aberrant_splicing/results/v19/fraser/Skin/results_per_junction.tsv
